<?xml version="1.0" encoding="utf-8"?>
<Project ToolsVersion="4.0" xmlns="http://schemas.microsoft.com/developer/msbuild/2003">
  <ItemGroup>
    <Filter Include="Source Files">
      <UniqueIdentifier>{4FC737F1-C7A5-4376-A066-2A32D752A2FF}</UniqueIdentifier>
      <Extensions>cpp;c;cc;cxx;def;odl;idl;hpj;bat;asm;asmx</Extensions>
    </Filter>
    <Filter Include="Header Files">
      <UniqueIdentifier>{93995380-89BD-4b04-88EB-625FBE52EBFB}</UniqueIdentifier>
      <Extensions>h;hh;hpp;hxx;hm;inl;inc;xsd</Extensions>
    </Filter>
    <Filter Include="Resource Files">
      <UniqueIdentifier>{D9D6E242-F8AF-46E4-B9FD-80ECBC20BA3E}</UniqueIdentifier>
      <Extensions>qrc;*</Extensions>
      <ParseFiles>false</ParseFiles>
    </Filter>
    <Filter Include="Form Files">
      <UniqueIdentifier>{99349809-55BA-4b9d-BF79-8FDBB0286EB3}</UniqueIdentifier>
      <Extensions>ui</Extensions>
    </Filter>
    <Filter Include="Resource Files">
      <UniqueIdentifier>{D9D6E242-F8AF-46E4-B9FD-80ECBC20BA3E}</UniqueIdentifier>
      <Extensions>qrc;*</Extensions>
      <ParseFiles>false</ParseFiles>
    </Filter>
    <Filter Include="Generated Files">
      <UniqueIdentifier>{71ED8ED8-ACB9-4CE9-BBE1-E00B30144E11}</UniqueIdentifier>
      <Extensions>moc;h;cpp</Extensions>
      <SourceControlFiles>False</SourceControlFiles>
    </Filter>
    <Filter Include="Header Files\BaseClass">
      <UniqueIdentifier>{63f6a60e-db67-4b6a-b89a-36743cc26c17}</UniqueIdentifier>
    </Filter>
    <Filter Include="Header Files\ChildClass">
      <UniqueIdentifier>{29081b63-abc3-4915-8c48-b351a3414130}</UniqueIdentifier>
    </Filter>
    <Filter Include="Header Files\IOStructure">
      <UniqueIdentifier>{5f49a3e7-5e33-4b33-bc68-a35bf32abaa0}</UniqueIdentifier>
    </Filter>
    <Filter Include="Header Files\Utils">
      <UniqueIdentifier>{f9c929ee-001c-44cc-81c0-925cfc3c19b5}</UniqueIdentifier>
    </Filter>
    <Filter Include="Header Files\Modules">
      <UniqueIdentifier>{6fe877e4-588a-4854-becc-26ca828d4593}</UniqueIdentifier>
    </Filter>
    <Filter Include="Source Files\BaseClass">
      <UniqueIdentifier>{19d859ad-9f04-4e28-ad12-0934f19ff795}</UniqueIdentifier>
    </Filter>
    <Filter Include="Source Files\ChildClass">
      <UniqueIdentifier>{ccc58cc3-8bf1-414e-8618-0ba2e6f647c0}</UniqueIdentifier>
    </Filter>
    <Filter Include="Source Files\IOStructure">
      <UniqueIdentifier>{bd14aefb-517f-4be0-b9d9-88b3166befd1}</UniqueIdentifier>
    </Filter>
    <Filter Include="Source Files\Utils">
      <UniqueIdentifier>{a20e4a7b-63ff-44c9-b9fa-31b9d84d8f21}</UniqueIdentifier>
    </Filter>
    <Filter Include="Source Files\Modules">
      <UniqueIdentifier>{b99ca411-f0e7-4512-8747-44aaa73ee081}</UniqueIdentifier>
    </Filter>
  </ItemGroup>
  <ItemGroup>
    <ClCompile Include="main.cpp">
      <Filter>Source Files</Filter>
    </ClCompile>
    <ClCompile Include="printing_defect_sys.cpp">
      <Filter>Source Files</Filter>
    </ClCompile>
    <ClCompile Include="img_pair_process.cpp">
      <Filter>Source Files\BaseClass</Filter>
    </ClCompile>
    <ClCompile Include="registration_sift.cpp">
      <Filter>Source Files\ChildClass</Filter>
    </ClCompile>
    <ClCompile Include="utils_registration.cpp">
      <Filter>Source Files\Utils</Filter>
    </ClCompile>
    <ClCompile Include="registration_asift.cpp">
      <Filter>Source Files\ChildClass</Filter>
    </ClCompile>
    <ClCompile Include="utils_pretreat.cpp">
      <Filter>Source Files\Utils</Filter>
    </ClCompile>
    <ClCompile Include="img_registration.cpp">
      <Filter>Source Files\BaseClass</Filter>
    </ClCompile>
  </ItemGroup>
  <ItemGroup>
    <QtMoc Include="printing_defect_sys.h">
      <Filter>Header Files</Filter>
    </QtMoc>
  </ItemGroup>
  <ItemGroup>
    <QtUic Include="printing_defect_sys.ui">
      <Filter>Form Files</Filter>
    </QtUic>
  </ItemGroup>
  <ItemGroup>
    <QtRcc Include="printing_defect_sys.qrc">
      <Filter>Resource Files</Filter>
    </QtRcc>
  </ItemGroup>
  <ItemGroup>
    <ClInclude Include="img_registration.h">
      <Filter>Header Files\BaseClass</Filter>
    </ClInclude>
    <ClInclude Include="registration_sift.h">
      <Filter>Header Files\ChildClass</Filter>
    </ClInclude>
    <ClInclude Include="color_hist_compare.h">
      <Filter>Header Files\BaseClass</Filter>
    </ClInclude>
    <ClInclude Include="defect.h">
      <Filter>Header Files\BaseClass</Filter>
    </ClInclude>
    <ClInclude Include="img_pair_process.h">
      <Filter>Header Files\BaseClass</Filter>
    </ClInclude>
    <ClInclude Include="utils_registration.h">
      <Filter>Header Files\Utils</Filter>
    </ClInclude>
    <ClInclude Include="registration_asift.h">
      <Filter>Header Files\ChildClass</Filter>
    </ClInclude>
    <ClInclude Include="utils_pretreat.h">
      <Filter>Header Files\Utils</Filter>
    </ClInclude>
  </ItemGroup>
</Project>